
Microsoft Visual Studio Solution File, Format Version 12.00
# Visual Studio Version 16
VisualStudioVersion = 16.0.31129.286
MinimumVisualStudioVersion = 10.0.40219.1
Project("{FAE04EC0-301F-11D3-BF4B-00C04F79EFBC}") = "WebForm", "WebForm\WebForm.csproj", "{69848D33-A650-4FEE-BB23-99650F1D9CEB}"
EndProject
Global
	GlobalSection(SolutionConfigurationPlatforms) = preSolution
		Debug|Any CPU = Debug|Any CPU
		Release|Any CPU = Release|Any CPU
	EndGlobalSection
	GlobalSection(ProjectConfigurationPlatforms) = postSolution
		{69848D33-A650-4FEE-BB23-99650F1D9CEB}.Debug|Any CPU.ActiveCfg = Debug|Any CPU
		{69848D33-A650-4FEE-BB23-99650F1D9CEB}.Debug|Any CPU.Build.0 = Debug|Any CPU
		{69848D33-A650-4FEE-BB23-99650F1D9CEB}.Release|Any CPU.ActiveCfg = Release|Any CPU
		{69848D33-A650-4FEE-BB23-99650F1D9CEB}.Release|Any CPU.Build.0 = Release|Any CPU
	EndGlobalSection
	GlobalSection(SolutionProperties) = preSolution
		HideSolutionNode = FALSE
	EndGlobalSection
	GlobalSection(ExtensibilityGlobals) = postSolution
		SolutionGuid = {3F38FAC1-28E9-41A3-AA15-11431350B570}
	EndGlobalSection
EndGlobal
